
Microsoft Visual Studio Solution File, Format Version 12.00
# Visual Studio Version 16
VisualStudioVersion = 16.0.31702.278
MinimumVisualStudioVersion = 10.0.40219.1
Project("{8BC9CEB8-8B4A-11D0-8D11-00A0C91BC942}") = "PlatformerDemo", "PlatformerDemo.vcxproj", "{CF0F89E1-03FA-4593-A46F-29EC76D3125D}"
EndProject
Global
	GlobalSection(SolutionConfigurationPlatforms) = preSolution
		Debug|x64 = Debug|x64
		Debug|x86 = Debug|x86
		Release|x64 = Release|x64
		Release|x86 = Release|x86
	EndGlobalSection
	GlobalSection(ProjectConfigurationPlatforms) = postSolution
		{CF0F89E1-03FA-4593-A46F-29EC76D3125D}.Debug|x64.ActiveCfg = Debug|x64
		{CF0F89E1-03FA-4593-A46F-29EC76D3125D}.Debug|x64.Build.0 = Debug|x64
		{CF0F89E1-03FA-4593-A46F-29EC76D3125D}.Debug|x86.ActiveCfg = Debug|Win32
		{CF0F89E1-03FA-4593-A46F-29EC76D3125D}.Debug|x86.Build.0 = Debug|Win32
		{CF0F89E1-03FA-4593-A46F-29EC76D3125D}.Release|x64.ActiveCfg = Release|x64
		{CF0F89E1-03FA-4593-A46F-29EC76D3125D}.Release|x64.Build.0 = Release|x64
		{CF0F89E1-03FA-4593-A46F-29EC76D3125D}.Release|x86.ActiveCfg = Release|Win32
		{CF0F89E1-03FA-4593-A46F-29EC76D3125D}.Release|x86.Build.0 = Release|Win32
	EndGlobalSection
	GlobalSection(SolutionProperties) = preSolution
		HideSolutionNode = FALSE
	EndGlobalSection
	GlobalSection(ExtensibilityGlobals) = postSolution
		SolutionGuid = {73267D62-06E1-4609-B485-A1B5FA26552E}
	EndGlobalSection
EndGlobal
